
PODS:
- MAObjCRuntime (0.0.1)
- MSCachedAsyncViewDrawing (1.0)

DEPENDENCIES:
- MAObjCRuntime
- MSCachedAsyncViewDrawing (from `./MSCachedAsyncViewDrawing.podspec')

EXTERNAL SOURCES:
  MSCachedAsyncViewDrawing:
    :podspec: ./MSCachedAsyncViewDrawing.podspec

SPEC CHECKSUMS:
  MAObjCRuntime: 284004079156d10cb8237bc3ffcfa3a0e1a0af22
  MSCachedAsyncViewDrawing: 5351aa20449eaa03526896ebdd7ceaccd9cdc24f

COCOAPODS: 0.16.0
